// !$*UTF8*$!
{
	archiveVersion = 1;
	classes = {
	};
	objectVersion = 51;
	objects = {

/* Begin PBXBuildFile section */
		8230F51D05F591DC271A4821 /* Pods_OnMyWay.framework in Frameworks */ = {isa = PBXBuildFile; fileRef = 99C3F803AC42488C58AEEA7D /* Pods_OnMyWay.framework */; };
		832BDA422521D0CB00E0F1E0 /* SafetyControllerGuidelines.swift in Sources */ = {isa = PBXBuildFile; fileRef = 832BDA412521D0CB00E0F1E0 /* SafetyControllerGuidelines.swift */; };
		832BDA452521D21500E0F1E0 /* SafetyCell.swift in Sources */ = {isa = PBXBuildFile; fileRef = 832BDA442521D21500E0F1E0 /* SafetyCell.swift */; };
		832BDA492521D62700E0F1E0 /* TableHeaderView.swift in Sources */ = {isa = PBXBuildFile; fileRef = 832BDA482521D62700E0F1E0 /* TableHeaderView.swift */; };
		832BDA4C2521DA5700E0F1E0 /* safety.json in Resources */ = {isa = PBXBuildFile; fileRef = 832BDA4B2521DA5700E0F1E0 /* safety.json */; };
		832BDA4F2521DC2F00E0F1E0 /* covid_19_protect.json in Resources */ = {isa = PBXBuildFile; fileRef = 832BDA4E2521DC2F00E0F1E0 /* covid_19_protect.json */; };
		832BDA522521DE6B00E0F1E0 /* social_distancing.json in Resources */ = {isa = PBXBuildFile; fileRef = 832BDA512521DE6B00E0F1E0 /* social_distancing.json */; };
		832BDA5C2521E65E00E0F1E0 /* hand_sanitizer2.json in Resources */ = {isa = PBXBuildFile; fileRef = 832BDA5B2521E65E00E0F1E0 /* hand_sanitizer2.json */; };
		832BDA5F2521ED8E00E0F1E0 /* SafetyFooterView.swift in Sources */ = {isa = PBXBuildFile; fileRef = 832BDA5E2521ED8E00E0F1E0 /* SafetyFooterView.swift */; };
		832BDA622521EFA300E0F1E0 /* wearMask.json in Resources */ = {isa = PBXBuildFile; fileRef = 832BDA612521EFA300E0F1E0 /* wearMask.json */; };
		832BDA652521F32600E0F1E0 /* cleanPhones.json in Resources */ = {isa = PBXBuildFile; fileRef = 832BDA642521F32600E0F1E0 /* cleanPhones.json */; };
		832BDA682521F3F300E0F1E0 /* stay_home.json in Resources */ = {isa = PBXBuildFile; fileRef = 832BDA672521F3F300E0F1E0 /* stay_home.json */; };
		832BDA6B2521F51600E0F1E0 /* packageDelivery.json in Resources */ = {isa = PBXBuildFile; fileRef = 832BDA6A2521F51600E0F1E0 /* packageDelivery.json */; };
		832BDA7A2521FA9600E0F1E0 /* Page.swift in Sources */ = {isa = PBXBuildFile; fileRef = 832BDA772521FA9300E0F1E0 /* Page.swift */; };
		832BDA7B2521FA9600E0F1E0 /* OnboardingCell.swift in Sources */ = {isa = PBXBuildFile; fileRef = 832BDA782521FA9500E0F1E0 /* OnboardingCell.swift */; };
		832BDA7C2521FA9600E0F1E0 /* OnboardingController.swift in Sources */ = {isa = PBXBuildFile; fileRef = 832BDA792521FA9600E0F1E0 /* OnboardingController.swift */; };
		832BDA8425220D8800E0F1E0 /* RecentTripsCell.swift in Sources */ = {isa = PBXBuildFile; fileRef = 832BDA8325220D8800E0F1E0 /* RecentTripsCell.swift */; };
		832BDA872523005000E0F1E0 /* wash_your_hands_regularly.json in Resources */ = {isa = PBXBuildFile; fileRef = 832BDA862523005000E0F1E0 /* wash_your_hands_regularly.json */; };
		832BDA8B252301E600E0F1E0 /* MainTabController.swift in Sources */ = {isa = PBXBuildFile; fileRef = 832BDA8A252301E600E0F1E0 /* MainTabController.swift */; };
		832BDADD2523081400E0F1E0 /* LNPopupController.framework in Frameworks */ = {isa = PBXBuildFile; fileRef = 832BDADC2523081400E0F1E0 /* LNPopupController.framework */; };
		832BDADE2523081500E0F1E0 /* LNPopupController.framework in Embed Frameworks */ = {isa = PBXBuildFile; fileRef = 832BDADC2523081400E0F1E0 /* LNPopupController.framework */; settings = {ATTRIBUTES = (CodeSignOnCopy, RemoveHeadersOnCopy, ); }; };
		832BDAE125230C1D00E0F1E0 /* ProfileController.swift in Sources */ = {isa = PBXBuildFile; fileRef = 832BDAE025230C1D00E0F1E0 /* ProfileController.swift */; };
		832BDAE325230CF700E0F1E0 /* NotificationsController.swift in Sources */ = {isa = PBXBuildFile; fileRef = 832BDAE225230CF700E0F1E0 /* NotificationsController.swift */; };
		832BDAE525230F6400E0F1E0 /* OrdersController.swift in Sources */ = {isa = PBXBuildFile; fileRef = 832BDAE425230F6400E0F1E0 /* OrdersController.swift */; };
		832BDAE72523275200E0F1E0 /* PeopleReviewsController.swift in Sources */ = {isa = PBXBuildFile; fileRef = 832BDAE62523275200E0F1E0 /* PeopleReviewsController.swift */; };
		8343D2732525223E001D5156 /* 34548-5-estrellas.json in Resources */ = {isa = PBXBuildFile; fileRef = 8343D2712525223E001D5156 /* 34548-5-estrellas.json */; };
		8343D2742525223E001D5156 /* chat.json in Resources */ = {isa = PBXBuildFile; fileRef = 8343D2722525223E001D5156 /* chat.json */; };
		8343D2762525229E001D5156 /* isTypingIndicator.json in Resources */ = {isa = PBXBuildFile; fileRef = 8343D2752525229E001D5156 /* isTypingIndicator.json */; };
		8343D2BB2525B915001D5156 /* Trip.swift in Sources */ = {isa = PBXBuildFile; fileRef = 8343D2BA2525B915001D5156 /* Trip.swift */; };
		8343D2BD2525BC2A001D5156 /* User.swift in Sources */ = {isa = PBXBuildFile; fileRef = 8343D2BC2525BC2A001D5156 /* User.swift */; };
		836965B5251DD75700810174 /* AppDelegate.swift in Sources */ = {isa = PBXBuildFile; fileRef = 836965B4251DD75700810174 /* AppDelegate.swift */; };
		836965B7251DD75700810174 /* SceneDelegate.swift in Sources */ = {isa = PBXBuildFile; fileRef = 836965B6251DD75700810174 /* SceneDelegate.swift */; };
		836965B9251DD75700810174 /* WelcomeController.swift in Sources */ = {isa = PBXBuildFile; fileRef = 836965B8251DD75700810174 /* WelcomeController.swift */; };
		836965BC251DD75700810174 /* Main.storyboard in Resources */ = {isa = PBXBuildFile; fileRef = 836965BA251DD75700810174 /* Main.storyboard */; };
		836965BE251DD75900810174 /* Assets.xcassets in Resources */ = {isa = PBXBuildFile; fileRef = 836965BD251DD75900810174 /* Assets.xcassets */; };
		836965C1251DD75900810174 /* LaunchScreen.storyboard in Resources */ = {isa = PBXBuildFile; fileRef = 836965BF251DD75900810174 /* LaunchScreen.storyboard */; };
		83696606251DD8E600810174 /* GoogleService-Info.plist in Resources */ = {isa = PBXBuildFile; fileRef = 83696605251DD8E600810174 /* GoogleService-Info.plist */; };
		8369660A251DDCD300810174 /* Extentions.swift in Sources */ = {isa = PBXBuildFile; fileRef = 83696609251DDCD300810174 /* Extentions.swift */; };
		8369E563251F136300AB6216 /* delivery_address_green.json in Resources */ = {isa = PBXBuildFile; fileRef = 8369E561251F136300AB6216 /* delivery_address_green.json */; };
		8369E564251F136300AB6216 /* delivery_home.json in Resources */ = {isa = PBXBuildFile; fileRef = 8369E562251F136300AB6216 /* delivery_home.json */; };
		8369E56A251F138700AB6216 /* height_measure_tape.json in Resources */ = {isa = PBXBuildFile; fileRef = 8369E566251F138600AB6216 /* height_measure_tape.json */; };
		8369E56B251F138700AB6216 /* package_delivery.json in Resources */ = {isa = PBXBuildFile; fileRef = 8369E567251F138600AB6216 /* package_delivery.json */; };
		8369E56C251F138700AB6216 /* hand_sanitizer.json in Resources */ = {isa = PBXBuildFile; fileRef = 8369E568251F138600AB6216 /* hand_sanitizer.json */; };
		8369E56D251F138700AB6216 /* width_measure_tape.json in Resources */ = {isa = PBXBuildFile; fileRef = 8369E569251F138700AB6216 /* width_measure_tape.json */; };
		8369E571251F24FF00AB6216 /* CustomTextField.swift in Sources */ = {isa = PBXBuildFile; fileRef = 8369E570251F24FF00AB6216 /* CustomTextField.swift */; };
		8369E575251F252C00AB6216 /* CustomContainerView.swift in Sources */ = {isa = PBXBuildFile; fileRef = 8369E574251F252C00AB6216 /* CustomContainerView.swift */; };
		8369E578251F255F00AB6216 /* RegisterationController.swift in Sources */ = {isa = PBXBuildFile; fileRef = 8369E577251F255F00AB6216 /* RegisterationController.swift */; };
		8369E57D251F31DD00AB6216 /* LoggingController.swift in Sources */ = {isa = PBXBuildFile; fileRef = 8369E57C251F31DD00AB6216 /* LoggingController.swift */; };
		8369E58E251F5BBE00AB6216 /* AuthService.swift in Sources */ = {isa = PBXBuildFile; fileRef = 8369E58D251F5BBE00AB6216 /* AuthService.swift */; };
		8369E597251F683300AB6216 /* Service.swift in Sources */ = {isa = PBXBuildFile; fileRef = 8369E596251F683300AB6216 /* Service.swift */; };
		8369E59D251F98EA00AB6216 /* AuthenticationPhoneController.swift in Sources */ = {isa = PBXBuildFile; fileRef = 8369E59C251F98EA00AB6216 /* AuthenticationPhoneController.swift */; };
		8369E5A0251F9B6400AB6216 /* sendingemail.json in Resources */ = {isa = PBXBuildFile; fileRef = 8369E59F251F9B6400AB6216 /* sendingemail.json */; };
		8369E5A72520786700AB6216 /* HomeController.swift in Sources */ = {isa = PBXBuildFile; fileRef = 8369E5A62520786700AB6216 /* HomeController.swift */; };
		8369E5D82520911900AB6216 /* NewTripController.swift in Sources */ = {isa = PBXBuildFile; fileRef = 8369E5D72520911800AB6216 /* NewTripController.swift */; };
		8369E5DD2520C65900AB6216 /* DateAndTimeController.swift in Sources */ = {isa = PBXBuildFile; fileRef = 8369E5DC2520C65900AB6216 /* DateAndTimeController.swift */; };
		839AC20D25240CA000E3D1BC /* ProfileCell.swift in Sources */ = {isa = PBXBuildFile; fileRef = 839AC20C25240CA000E3D1BC /* ProfileCell.swift */; };
		839AC2152524597F00E3D1BC /* ProfileHeader.swift in Sources */ = {isa = PBXBuildFile; fileRef = 839AC2142524597F00E3D1BC /* ProfileHeader.swift */; };
		83B40751252485C30046B917 /* ProfileFooterView.swift in Sources */ = {isa = PBXBuildFile; fileRef = 83B40750252485C30046B917 /* ProfileFooterView.swift */; };
		83C70DA52525C2BB000B024E /* PeopleReviewHeader.swift in Sources */ = {isa = PBXBuildFile; fileRef = 83C70DA42525C2BB000B024E /* PeopleReviewHeader.swift */; };
		83C70DA72525C954000B024E /* PeopleReviewsCell.swift in Sources */ = {isa = PBXBuildFile; fileRef = 83C70DA62525C954000B024E /* PeopleReviewsCell.swift */; };
/* End PBXBuildFile section */

/* Begin PBXCopyFilesBuildPhase section */
		832BDADF2523081500E0F1E0 /* Embed Frameworks */ = {
			isa = PBXCopyFilesBuildPhase;
			buildActionMask = 2147483647;
			dstPath = "";
			dstSubfolderSpec = 10;
			files = (
				832BDADE2523081500E0F1E0 /* LNPopupController.framework in Embed Frameworks */,
			);
			name = "Embed Frameworks";
			runOnlyForDeploymentPostprocessing = 0;
		};
/* End PBXCopyFilesBuildPhase section */

/* Begin PBXFileReference section */
		7BE53BE6F377BB0C384493C2 /* Pods-OnMyWay.release.xcconfig */ = {isa = PBXFileReference; includeInIndex = 1; lastKnownFileType = text.xcconfig; name = "Pods-OnMyWay.release.xcconfig"; path = "Target Support Files/Pods-OnMyWay/Pods-OnMyWay.release.xcconfig"; sourceTree = "<group>"; };
		7D1A1DB2F25AF8BAA00DB7FF /* Pods-OnMyWay.debug.xcconfig */ = {isa = PBXFileReference; includeInIndex = 1; lastKnownFileType = text.xcconfig; name = "Pods-OnMyWay.debug.xcconfig"; path = "Target Support Files/Pods-OnMyWay/Pods-OnMyWay.debug.xcconfig"; sourceTree = "<group>"; };
		832BDA412521D0CB00E0F1E0 /* SafetyControllerGuidelines.swift */ = {isa = PBXFileReference; lastKnownFileType = sourcecode.swift; path = SafetyControllerGuidelines.swift; sourceTree = "<group>"; };
		832BDA442521D21500E0F1E0 /* SafetyCell.swift */ = {isa = PBXFileReference; lastKnownFileType = sourcecode.swift; path = SafetyCell.swift; sourceTree = "<group>"; };
		832BDA482521D62700E0F1E0 /* TableHeaderView.swift */ = {isa = PBXFileReference; lastKnownFileType = sourcecode.swift; path = TableHeaderView.swift; sourceTree = "<group>"; };
		832BDA4B2521DA5700E0F1E0 /* safety.json */ = {isa = PBXFileReference; fileEncoding = 4; lastKnownFileType = text.json; path = safety.json; sourceTree = "<group>"; };
		832BDA4E2521DC2F00E0F1E0 /* covid_19_protect.json */ = {isa = PBXFileReference; fileEncoding = 4; lastKnownFileType = text.json; path = covid_19_protect.json; sourceTree = "<group>"; };
		832BDA512521DE6B00E0F1E0 /* social_distancing.json */ = {isa = PBXFileReference; fileEncoding = 4; lastKnownFileType = text.json; path = social_distancing.json; sourceTree = "<group>"; };
		832BDA5B2521E65E00E0F1E0 /* hand_sanitizer2.json */ = {isa = PBXFileReference; fileEncoding = 4; lastKnownFileType = text.json; path = hand_sanitizer2.json; sourceTree = "<group>"; };
		832BDA5E2521ED8E00E0F1E0 /* SafetyFooterView.swift */ = {isa = PBXFileReference; lastKnownFileType = sourcecode.swift; path = SafetyFooterView.swift; sourceTree = "<group>"; };
		832BDA612521EFA300E0F1E0 /* wearMask.json */ = {isa = PBXFileReference; fileEncoding = 4; lastKnownFileType = text.json; path = wearMask.json; sourceTree = "<group>"; };
		832BDA642521F32600E0F1E0 /* cleanPhones.json */ = {isa = PBXFileReference; fileEncoding = 4; lastKnownFileType = text.json; path = cleanPhones.json; sourceTree = "<group>"; };
		832BDA672521F3F300E0F1E0 /* stay_home.json */ = {isa = PBXFileReference; fileEncoding = 4; lastKnownFileType = text.json; path = stay_home.json; sourceTree = "<group>"; };
		832BDA6A2521F51600E0F1E0 /* packageDelivery.json */ = {isa = PBXFileReference; fileEncoding = 4; lastKnownFileType = text.json; path = packageDelivery.json; sourceTree = "<group>"; };
		832BDA772521FA9300E0F1E0 /* Page.swift */ = {isa = PBXFileReference; fileEncoding = 4; lastKnownFileType = sourcecode.swift; path = Page.swift; sourceTree = "<group>"; };
		832BDA782521FA9500E0F1E0 /* OnboardingCell.swift */ = {isa = PBXFileReference; fileEncoding = 4; lastKnownFileType = sourcecode.swift; path = OnboardingCell.swift; sourceTree = "<group>"; };
		832BDA792521FA9600E0F1E0 /* OnboardingController.swift */ = {isa = PBXFileReference; fileEncoding = 4; lastKnownFileType = sourcecode.swift; path = OnboardingController.swift; sourceTree = "<group>"; };
		832BDA8325220D8800E0F1E0 /* RecentTripsCell.swift */ = {isa = PBXFileReference; lastKnownFileType = sourcecode.swift; path = RecentTripsCell.swift; sourceTree = "<group>"; };
		832BDA862523005000E0F1E0 /* wash_your_hands_regularly.json */ = {isa = PBXFileReference; fileEncoding = 4; lastKnownFileType = text.json; path = wash_your_hands_regularly.json; sourceTree = "<group>"; };
		832BDA8A252301E600E0F1E0 /* MainTabController.swift */ = {isa = PBXFileReference; lastKnownFileType = sourcecode.swift; path = MainTabController.swift; sourceTree = "<group>"; };
		832BDADC2523081400E0F1E0 /* LNPopupController.framework */ = {isa = PBXFileReference; explicitFileType = wrapper.framework; path = LNPopupController.framework; sourceTree = BUILT_PRODUCTS_DIR; };
		832BDAE025230C1D00E0F1E0 /* ProfileController.swift */ = {isa = PBXFileReference; lastKnownFileType = sourcecode.swift; path = ProfileController.swift; sourceTree = "<group>"; };
		832BDAE225230CF700E0F1E0 /* NotificationsController.swift */ = {isa = PBXFileReference; lastKnownFileType = sourcecode.swift; path = NotificationsController.swift; sourceTree = "<group>"; };
		832BDAE425230F6400E0F1E0 /* OrdersController.swift */ = {isa = PBXFileReference; lastKnownFileType = sourcecode.swift; path = OrdersController.swift; sourceTree = "<group>"; };
		832BDAE62523275200E0F1E0 /* PeopleReviewsController.swift */ = {isa = PBXFileReference; lastKnownFileType = sourcecode.swift; path = PeopleReviewsController.swift; sourceTree = "<group>"; };
		8343D2712525223E001D5156 /* 34548-5-estrellas.json */ = {isa = PBXFileReference; fileEncoding = 4; lastKnownFileType = text.json; path = "34548-5-estrellas.json"; sourceTree = "<group>"; };
		8343D2722525223E001D5156 /* chat.json */ = {isa = PBXFileReference; fileEncoding = 4; lastKnownFileType = text.json; path = chat.json; sourceTree = "<group>"; };
		8343D2752525229E001D5156 /* isTypingIndicator.json */ = {isa = PBXFileReference; fileEncoding = 4; lastKnownFileType = text.json; path = isTypingIndicator.json; sourceTree = "<group>"; };
		8343D2BA2525B915001D5156 /* Trip.swift */ = {isa = PBXFileReference; lastKnownFileType = sourcecode.swift; path = Trip.swift; sourceTree = "<group>"; };
		8343D2BC2525BC2A001D5156 /* User.swift */ = {isa = PBXFileReference; lastKnownFileType = sourcecode.swift; path = User.swift; sourceTree = "<group>"; };
		836965B1251DD75700810174 /* OnMyWay.app */ = {isa = PBXFileReference; explicitFileType = wrapper.application; includeInIndex = 0; path = OnMyWay.app; sourceTree = BUILT_PRODUCTS_DIR; };
		836965B4251DD75700810174 /* AppDelegate.swift */ = {isa = PBXFileReference; lastKnownFileType = sourcecode.swift; path = AppDelegate.swift; sourceTree = "<group>"; };
		836965B6251DD75700810174 /* SceneDelegate.swift */ = {isa = PBXFileReference; lastKnownFileType = sourcecode.swift; path = SceneDelegate.swift; sourceTree = "<group>"; };
		836965B8251DD75700810174 /* WelcomeController.swift */ = {isa = PBXFileReference; lastKnownFileType = sourcecode.swift; path = WelcomeController.swift; sourceTree = "<group>"; };
		836965BB251DD75700810174 /* Base */ = {isa = PBXFileReference; lastKnownFileType = file.storyboard; name = Base; path = Base.lproj/Main.storyboard; sourceTree = "<group>"; };
		836965BD251DD75900810174 /* Assets.xcassets */ = {isa = PBXFileReference; lastKnownFileType = folder.assetcatalog; path = Assets.xcassets; sourceTree = "<group>"; };
		836965C0251DD75900810174 /* Base */ = {isa = PBXFileReference; lastKnownFileType = file.storyboard; name = Base; path = Base.lproj/LaunchScreen.storyboard; sourceTree = "<group>"; };
		836965C2251DD75900810174 /* Info.plist */ = {isa = PBXFileReference; lastKnownFileType = text.plist.xml; path = Info.plist; sourceTree = "<group>"; };
		836965CA251DD78100810174 /* OnMyWay.entitlements */ = {isa = PBXFileReference; lastKnownFileType = text.plist.entitlements; path = OnMyWay.entitlements; sourceTree = "<group>"; };
		83696605251DD8E600810174 /* GoogleService-Info.plist */ = {isa = PBXFileReference; fileEncoding = 4; lastKnownFileType = text.plist.xml; path = "GoogleService-Info.plist"; sourceTree = "<group>"; };
		83696609251DDCD300810174 /* Extentions.swift */ = {isa = PBXFileReference; lastKnownFileType = sourcecode.swift; path = Extentions.swift; sourceTree = "<group>"; };
		8369E561251F136300AB6216 /* delivery_address_green.json */ = {isa = PBXFileReference; fileEncoding = 4; lastKnownFileType = text.json; path = delivery_address_green.json; sourceTree = "<group>"; };
		8369E562251F136300AB6216 /* delivery_home.json */ = {isa = PBXFileReference; fileEncoding = 4; lastKnownFileType = text.json; path = delivery_home.json; sourceTree = "<group>"; };
		8369E566251F138600AB6216 /* height_measure_tape.json */ = {isa = PBXFileReference; fileEncoding = 4; lastKnownFileType = text.json; path = height_measure_tape.json; sourceTree = "<group>"; };
		8369E567251F138600AB6216 /* package_delivery.json */ = {isa = PBXFileReference; fileEncoding = 4; lastKnownFileType = text.json; path = package_delivery.json; sourceTree = "<group>"; };
		8369E568251F138600AB6216 /* hand_sanitizer.json */ = {isa = PBXFileReference; fileEncoding = 4; lastKnownFileType = text.json; path = hand_sanitizer.json; sourceTree = "<group>"; };
		8369E569251F138700AB6216 /* width_measure_tape.json */ = {isa = PBXFileReference; fileEncoding = 4; lastKnownFileType = text.json; path = width_measure_tape.json; sourceTree = "<group>"; };
		8369E570251F24FF00AB6216 /* CustomTextField.swift */ = {isa = PBXFileReference; lastKnownFileType = sourcecode.swift; path = CustomTextField.swift; sourceTree = "<group>"; };
		8369E574251F252C00AB6216 /* CustomContainerView.swift */ = {isa = PBXFileReference; lastKnownFileType = sourcecode.swift; path = CustomContainerView.swift; sourceTree = "<group>"; };
		8369E577251F255F00AB6216 /* RegisterationController.swift */ = {isa = PBXFileReference; lastKnownFileType = sourcecode.swift; path = RegisterationController.swift; sourceTree = "<group>"; };
		8369E57C251F31DD00AB6216 /* LoggingController.swift */ = {isa = PBXFileReference; lastKnownFileType = sourcecode.swift; path = LoggingController.swift; sourceTree = "<group>"; };
		8369E58D251F5BBE00AB6216 /* AuthService.swift */ = {isa = PBXFileReference; lastKnownFileType = sourcecode.swift; path = AuthService.swift; sourceTree = "<group>"; };
		8369E596251F683300AB6216 /* Service.swift */ = {isa = PBXFileReference; lastKnownFileType = sourcecode.swift; path = Service.swift; sourceTree = "<group>"; };
		8369E59C251F98EA00AB6216 /* AuthenticationPhoneController.swift */ = {isa = PBXFileReference; lastKnownFileType = sourcecode.swift; path = AuthenticationPhoneController.swift; sourceTree = "<group>"; };
		8369E59F251F9B6400AB6216 /* sendingemail.json */ = {isa = PBXFileReference; fileEncoding = 4; lastKnownFileType = text.json; path = sendingemail.json; sourceTree = "<group>"; };
		8369E5A62520786700AB6216 /* HomeController.swift */ = {isa = PBXFileReference; lastKnownFileType = sourcecode.swift; path = HomeController.swift; sourceTree = "<group>"; };
		8369E5D72520911800AB6216 /* NewTripController.swift */ = {isa = PBXFileReference; lastKnownFileType = sourcecode.swift; path = NewTripController.swift; sourceTree = "<group>"; };
		8369E5DC2520C65900AB6216 /* DateAndTimeController.swift */ = {isa = PBXFileReference; lastKnownFileType = sourcecode.swift; path = DateAndTimeController.swift; sourceTree = "<group>"; };
		839AC20C25240CA000E3D1BC /* ProfileCell.swift */ = {isa = PBXFileReference; lastKnownFileType = sourcecode.swift; path = ProfileCell.swift; sourceTree = "<group>"; };
		839AC2142524597F00E3D1BC /* ProfileHeader.swift */ = {isa = PBXFileReference; lastKnownFileType = sourcecode.swift; path = ProfileHeader.swift; sourceTree = "<group>"; };
		83B40750252485C30046B917 /* ProfileFooterView.swift */ = {isa = PBXFileReference; lastKnownFileType = sourcecode.swift; path = ProfileFooterView.swift; sourceTree = "<group>"; };
		83C70DA42525C2BB000B024E /* PeopleReviewHeader.swift */ = {isa = PBXFileReference; lastKnownFileType = sourcecode.swift; path = PeopleReviewHeader.swift; sourceTree = "<group>"; };
		83C70DA62525C954000B024E /* PeopleReviewsCell.swift */ = {isa = PBXFileReference; lastKnownFileType = sourcecode.swift; path = PeopleReviewsCell.swift; sourceTree = "<group>"; };
		99C3F803AC42488C58AEEA7D /* Pods_OnMyWay.framework */ = {isa = PBXFileReference; explicitFileType = wrapper.framework; includeInIndex = 0; path = Pods_OnMyWay.framework; sourceTree = BUILT_PRODUCTS_DIR; };
/* End PBXFileReference section */

/* Begin PBXFrameworksBuildPhase section */
		836965AE251DD75700810174 /* Frameworks */ = {
			isa = PBXFrameworksBuildPhase;
			buildActionMask = 2147483647;
			files = (
				8230F51D05F591DC271A4821 /* Pods_OnMyWay.framework in Frameworks */,
				832BDADD2523081400E0F1E0 /* LNPopupController.framework in Frameworks */,
			);
			runOnlyForDeploymentPostprocessing = 0;
		};
/* End PBXFrameworksBuildPhase section */

/* Begin PBXGroup section */
		01E6A748AB77B976E603C854 /* Pods */ = {
			isa = PBXGroup;
			children = (
				7D1A1DB2F25AF8BAA00DB7FF /* Pods-OnMyWay.debug.xcconfig */,
				7BE53BE6F377BB0C384493C2 /* Pods-OnMyWay.release.xcconfig */,
			);
			path = Pods;
			sourceTree = "<group>";
		};
		832BDA6E2521F5A000E0F1E0 /* Safety arch */ = {
			isa = PBXGroup;
			children = (
				832BDA412521D0CB00E0F1E0 /* SafetyControllerGuidelines.swift */,
				832BDA5E2521ED8E00E0F1E0 /* SafetyFooterView.swift */,
				832BDA482521D62700E0F1E0 /* TableHeaderView.swift */,
				832BDA442521D21500E0F1E0 /* SafetyCell.swift */,
			);
			path = "Safety arch";
			sourceTree = "<group>";
		};
		832BDA802521FCAA00E0F1E0 /* Onboarding arch */ = {
			isa = PBXGroup;
			children = (
				832BDA772521FA9300E0F1E0 /* Page.swift */,
				832BDA782521FA9500E0F1E0 /* OnboardingCell.swift */,
				832BDA792521FA9600E0F1E0 /* OnboardingController.swift */,
			);
			path = "Onboarding arch";
			sourceTree = "<group>";
		};
		832BDAE82523431A00E0F1E0 /* Poeple Trips arch */ = {
			isa = PBXGroup;
			children = (
				8369E5A62520786700AB6216 /* HomeController.swift */,
				832BDA8325220D8800E0F1E0 /* RecentTripsCell.swift */,
			);
			path = "Poeple Trips arch";
			sourceTree = "<group>";
		};
		8343D2BE2525C153001D5156 /* People Reviews arch */ = {
			isa = PBXGroup;
			children = (
				832BDAE62523275200E0F1E0 /* PeopleReviewsController.swift */,
				83C70DA62525C954000B024E /* PeopleReviewsCell.swift */,
				83C70DA42525C2BB000B024E /* PeopleReviewHeader.swift */,
			);
			path = "People Reviews arch";
			sourceTree = "<group>";
		};
		836965A8251DD75700810174 = {
			isa = PBXGroup;
			children = (
				836965B3251DD75700810174 /* OnMyWay */,
				836965B2251DD75700810174 /* Products */,
				01E6A748AB77B976E603C854 /* Pods */,
				8B5971168837B2458405BCE6 /* Frameworks */,
			);
			sourceTree = "<group>";
		};
		836965B2251DD75700810174 /* Products */ = {
			isa = PBXGroup;
			children = (
				836965B1251DD75700810174 /* OnMyWay.app */,
			);
			name = Products;
			sourceTree = "<group>";
		};
		836965B3251DD75700810174 /* OnMyWay */ = {
			isa = PBXGroup;
			children = (
				83696608251DDCC500810174 /* Utilities */,
				836965CA251DD78100810174 /* OnMyWay.entitlements */,
				836965B4251DD75700810174 /* AppDelegate.swift */,
				836965B6251DD75700810174 /* SceneDelegate.swift */,
				832BDA802521FCAA00E0F1E0 /* Onboarding arch */,
				832BDAE82523431A00E0F1E0 /* Poeple Trips arch */,
				832BDA8A252301E600E0F1E0 /* MainTabController.swift */,
				832BDAE225230CF700E0F1E0 /* NotificationsController.swift */,
				832BDAE425230F6400E0F1E0 /* OrdersController.swift */,
				8343D2BE2525C153001D5156 /* People Reviews arch */,
				839AC2122524593800E3D1BC /* Profile arch */,
				832BDA6E2521F5A000E0F1E0 /* Safety arch */,
				8369E5DA2520C2B800AB6216 /* Trip Arch */,
				8369E58C251F5BA600AB6216 /* API */,
				8369E57F251F344000AB6216 /* Authentication arch */,
				8369E53A251E898F00AB6216 /* Model */,
				836965BA251DD75700810174 /* Main.storyboard */,
				836965BD251DD75900810174 /* Assets.xcassets */,
				836965BF251DD75900810174 /* LaunchScreen.storyboard */,
				83696605251DD8E600810174 /* GoogleService-Info.plist */,
				836965C2251DD75900810174 /* Info.plist */,
			);
			path = OnMyWay;
			sourceTree = "<group>";
		};
		83696608251DDCC500810174 /* Utilities */ = {
			isa = PBXGroup;
			children = (
				83696609251DDCD300810174 /* Extentions.swift */,
				8369E56F251F24EC00AB6216 /* CustomUIs */,
				8369E54E251F129200AB6216 /* JSONFiles */,
			);
			path = Utilities;
			sourceTree = "<group>";
		};
		8369E53A251E898F00AB6216 /* Model */ = {
			isa = PBXGroup;
			children = (
				8343D2BA2525B915001D5156 /* Trip.swift */,
				8343D2BC2525BC2A001D5156 /* User.swift */,
			);
			path = Model;
			sourceTree = "<group>";
		};
		8369E54E251F129200AB6216 /* JSONFiles */ = {
			isa = PBXGroup;
			children = (
				8369E561251F136300AB6216 /* delivery_address_green.json */,
				8369E568251F138600AB6216 /* hand_sanitizer.json */,
				832BDA4B2521DA5700E0F1E0 /* safety.json */,
				832BDA4E2521DC2F00E0F1E0 /* covid_19_protect.json */,
				832BDA862523005000E0F1E0 /* wash_your_hands_regularly.json */,
				832BDA5B2521E65E00E0F1E0 /* hand_sanitizer2.json */,
				832BDA6A2521F51600E0F1E0 /* packageDelivery.json */,
				8343D2752525229E001D5156 /* isTypingIndicator.json */,
				8343D2712525223E001D5156 /* 34548-5-estrellas.json */,
				8343D2722525223E001D5156 /* chat.json */,
				832BDA512521DE6B00E0F1E0 /* social_distancing.json */,
				832BDA642521F32600E0F1E0 /* cleanPhones.json */,
				832BDA612521EFA300E0F1E0 /* wearMask.json */,
				832BDA672521F3F300E0F1E0 /* stay_home.json */,
				8369E59F251F9B6400AB6216 /* sendingemail.json */,
				8369E566251F138600AB6216 /* height_measure_tape.json */,
				8369E567251F138600AB6216 /* package_delivery.json */,
				8369E569251F138700AB6216 /* width_measure_tape.json */,
				8369E562251F136300AB6216 /* delivery_home.json */,
			);
			path = JSONFiles;
			sourceTree = "<group>";
		};
		8369E56F251F24EC00AB6216 /* CustomUIs */ = {
			isa = PBXGroup;
			children = (
				8369E570251F24FF00AB6216 /* CustomTextField.swift */,
				8369E574251F252C00AB6216 /* CustomContainerView.swift */,
			);
			path = CustomUIs;
			sourceTree = "<group>";
		};
		8369E57F251F344000AB6216 /* Authentication arch */ = {
			isa = PBXGroup;
			children = (
				836965B8251DD75700810174 /* WelcomeController.swift */,
				8369E57C251F31DD00AB6216 /* LoggingController.swift */,
				8369E59C251F98EA00AB6216 /* AuthenticationPhoneController.swift */,
				8369E577251F255F00AB6216 /* RegisterationController.swift */,
			);
			path = "Authentication arch";
			sourceTree = "<group>";
		};
		8369E58C251F5BA600AB6216 /* API */ = {
			isa = PBXGroup;
			children = (
				8369E58D251F5BBE00AB6216 /* AuthService.swift */,
				8369E596251F683300AB6216 /* Service.swift */,
			);
			path = API;
			sourceTree = "<group>";
		};
		8369E5DA2520C2B800AB6216 /* Trip Arch */ = {
			isa = PBXGroup;
			children = (
				8369E5D72520911800AB6216 /* NewTripController.swift */,
				8369E5DC2520C65900AB6216 /* DateAndTimeController.swift */,
			);
			path = "Trip Arch";
			sourceTree = "<group>";
		};
		839AC2122524593800E3D1BC /* Profile arch */ = {
			isa = PBXGroup;
			children = (
				839AC2142524597F00E3D1BC /* ProfileHeader.swift */,
				832BDAE025230C1D00E0F1E0 /* ProfileController.swift */,
				839AC20C25240CA000E3D1BC /* ProfileCell.swift */,
				83B40750252485C30046B917 /* ProfileFooterView.swift */,
			);
			path = "Profile arch";
			sourceTree = "<group>";
		};
		8B5971168837B2458405BCE6 /* Frameworks */ = {
			isa = PBXGroup;
			children = (
				832BDADC2523081400E0F1E0 /* LNPopupController.framework */,
				99C3F803AC42488C58AEEA7D /* Pods_OnMyWay.framework */,
			);
			name = Frameworks;
			sourceTree = "<group>";
		};
/* End PBXGroup section */

/* Begin PBXNativeTarget section */
		836965B0251DD75700810174 /* OnMyWay */ = {
			isa = PBXNativeTarget;
			buildConfigurationList = 836965C5251DD75900810174 /* Build configuration list for PBXNativeTarget "OnMyWay" */;
			buildPhases = (
				B382D65AA2C346326A5B6BCA /* [CP] Check Pods Manifest.lock */,
				836965AD251DD75700810174 /* Sources */,
				836965AE251DD75700810174 /* Frameworks */,
				836965AF251DD75700810174 /* Resources */,
				C0F5611E8F455EB2F5CF2915 /* [CP] Embed Pods Frameworks */,
				756B7D06F296CC1904540166 /* [CP] Copy Pods Resources */,
				832BDADF2523081500E0F1E0 /* Embed Frameworks */,
			);
			buildRules = (
			);
			dependencies = (
			);
			name = OnMyWay;
			productName = OnMyWay;
			productReference = 836965B1251DD75700810174 /* OnMyWay.app */;
			productType = "com.apple.product-type.application";
		};
/* End PBXNativeTarget section */

/* Begin PBXProject section */
		836965A9251DD75700810174 /* Project object */ = {
			isa = PBXProject;
			attributes = {
				LastSwiftUpdateCheck = 1200;
				LastUpgradeCheck = 1200;
				TargetAttributes = {
					836965B0251DD75700810174 = {
						CreatedOnToolsVersion = 12.0;
					};
				};
			};
			buildConfigurationList = 836965AC251DD75700810174 /* Build configuration list for PBXProject "OnMyWay" */;
			compatibilityVersion = "Xcode 9.3";
			developmentRegion = en;
			hasScannedForEncodings = 0;
			knownRegions = (
				en,
				Base,
			);
			mainGroup = 836965A8251DD75700810174;
			productRefGroup = 836965B2251DD75700810174 /* Products */;
			projectDirPath = "";
			projectRoot = "";
			targets = (
				836965B0251DD75700810174 /* OnMyWay */,
			);
		};
/* End PBXProject section */

/* Begin PBXResourcesBuildPhase section */
		836965AF251DD75700810174 /* Resources */ = {
			isa = PBXResourcesBuildPhase;
			buildActionMask = 2147483647;
			files = (
				8343D2762525229E001D5156 /* isTypingIndicator.json in Resources */,
				8369E563251F136300AB6216 /* delivery_address_green.json in Resources */,
				832BDA5C2521E65E00E0F1E0 /* hand_sanitizer2.json in Resources */,
				8369E56D251F138700AB6216 /* width_measure_tape.json in Resources */,
				836965C1251DD75900810174 /* LaunchScreen.storyboard in Resources */,
				832BDA6B2521F51600E0F1E0 /* packageDelivery.json in Resources */,
				8369E564251F136300AB6216 /* delivery_home.json in Resources */,
				8369E56C251F138700AB6216 /* hand_sanitizer.json in Resources */,
				8369E5A0251F9B6400AB6216 /* sendingemail.json in Resources */,
				83696606251DD8E600810174 /* GoogleService-Info.plist in Resources */,
				832BDA4C2521DA5700E0F1E0 /* safety.json in Resources */,
				832BDA872523005000E0F1E0 /* wash_your_hands_regularly.json in Resources */,
				8369E56B251F138700AB6216 /* package_delivery.json in Resources */,
				832BDA682521F3F300E0F1E0 /* stay_home.json in Resources */,
				832BDA652521F32600E0F1E0 /* cleanPhones.json in Resources */,
				832BDA4F2521DC2F00E0F1E0 /* covid_19_protect.json in Resources */,
				836965BE251DD75900810174 /* Assets.xcassets in Resources */,
				8343D2732525223E001D5156 /* 34548-5-estrellas.json in Resources */,
				8343D2742525223E001D5156 /* chat.json in Resources */,
				836965BC251DD75700810174 /* Main.storyboard in Resources */,
				832BDA522521DE6B00E0F1E0 /* social_distancing.json in Resources */,
				832BDA622521EFA300E0F1E0 /* wearMask.json in Resources */,
				8369E56A251F138700AB6216 /* height_measure_tape.json in Resources */,
			);
			runOnlyForDeploymentPostprocessing = 0;
		};
/* End PBXResourcesBuildPhase section */

/* Begin PBXShellScriptBuildPhase section */
		756B7D06F296CC1904540166 /* [CP] Copy Pods Resources */ = {
			isa = PBXShellScriptBuildPhase;
			buildActionMask = 2147483647;
			files = (
			);
			inputFileListPaths = (
				"${PODS_ROOT}/Target Support Files/Pods-OnMyWay/Pods-OnMyWay-resources-${CONFIGURATION}-input-files.xcfilelist",
			);
			name = "[CP] Copy Pods Resources";
			outputFileListPaths = (
				"${PODS_ROOT}/Target Support Files/Pods-OnMyWay/Pods-OnMyWay-resources-${CONFIGURATION}-output-files.xcfilelist",
			);
			runOnlyForDeploymentPostprocessing = 0;
			shellPath = /bin/sh;
			shellScript = "\"${PODS_ROOT}/Target Support Files/Pods-OnMyWay/Pods-OnMyWay-resources.sh\"\n";
			showEnvVarsInLog = 0;
		};
		B382D65AA2C346326A5B6BCA /* [CP] Check Pods Manifest.lock */ = {
			isa = PBXShellScriptBuildPhase;
			buildActionMask = 2147483647;
			files = (
			);
			inputFileListPaths = (
			);
			inputPaths = (
				"${PODS_PODFILE_DIR_PATH}/Podfile.lock",
				"${PODS_ROOT}/Manifest.lock",
			);
			name = "[CP] Check Pods Manifest.lock";
			outputFileListPaths = (
			);
			outputPaths = (
				"$(DERIVED_FILE_DIR)/Pods-OnMyWay-checkManifestLockResult.txt",
			);
			runOnlyForDeploymentPostprocessing = 0;
			shellPath = /bin/sh;
			shellScript = "diff \"${PODS_PODFILE_DIR_PATH}/Podfile.lock\" \"${PODS_ROOT}/Manifest.lock\" > /dev/null\nif [ $? != 0 ] ; then\n    # print error to STDERR\n    echo \"error: The sandbox is not in sync with the Podfile.lock. Run 'pod install' or update your CocoaPods installation.\" >&2\n    exit 1\nfi\n# This output is used by Xcode 'outputs' to avoid re-running this script phase.\necho \"SUCCESS\" > \"${SCRIPT_OUTPUT_FILE_0}\"\n";
			showEnvVarsInLog = 0;
		};
		C0F5611E8F455EB2F5CF2915 /* [CP] Embed Pods Frameworks */ = {
			isa = PBXShellScriptBuildPhase;
			buildActionMask = 2147483647;
			files = (
			);
			inputFileListPaths = (
				"${PODS_ROOT}/Target Support Files/Pods-OnMyWay/Pods-OnMyWay-frameworks-${CONFIGURATION}-input-files.xcfilelist",
			);
			name = "[CP] Embed Pods Frameworks";
			outputFileListPaths = (
				"${PODS_ROOT}/Target Support Files/Pods-OnMyWay/Pods-OnMyWay-frameworks-${CONFIGURATION}-output-files.xcfilelist",
			);
			runOnlyForDeploymentPostprocessing = 0;
			shellPath = /bin/sh;
			shellScript = "\"${PODS_ROOT}/Target Support Files/Pods-OnMyWay/Pods-OnMyWay-frameworks.sh\"\n";
			showEnvVarsInLog = 0;
		};
/* End PBXShellScriptBuildPhase section */

/* Begin PBXSourcesBuildPhase section */
		836965AD251DD75700810174 /* Sources */ = {
			isa = PBXSourcesBuildPhase;
			buildActionMask = 2147483647;
			files = (
				8369660A251DDCD300810174 /* Extentions.swift in Sources */,
				8369E575251F252C00AB6216 /* CustomContainerView.swift in Sources */,
				832BDAE325230CF700E0F1E0 /* NotificationsController.swift in Sources */,
				832BDA7C2521FA9600E0F1E0 /* OnboardingController.swift in Sources */,
				8343D2BD2525BC2A001D5156 /* User.swift in Sources */,
				836965B9251DD75700810174 /* WelcomeController.swift in Sources */,
				836965B5251DD75700810174 /* AppDelegate.swift in Sources */,
				8343D2BB2525B915001D5156 /* Trip.swift in Sources */,
				8369E59D251F98EA00AB6216 /* AuthenticationPhoneController.swift in Sources */,
				8369E578251F255F00AB6216 /* RegisterationController.swift in Sources */,
				83C70DA72525C954000B024E /* PeopleReviewsCell.swift in Sources */,
				832BDA7B2521FA9600E0F1E0 /* OnboardingCell.swift in Sources */,
				8369E57D251F31DD00AB6216 /* LoggingController.swift in Sources */,
				832BDAE72523275200E0F1E0 /* PeopleReviewsController.swift in Sources */,
				832BDA8425220D8800E0F1E0 /* RecentTripsCell.swift in Sources */,
				832BDA452521D21500E0F1E0 /* SafetyCell.swift in Sources */,
				839AC20D25240CA000E3D1BC /* ProfileCell.swift in Sources */,
				832BDA492521D62700E0F1E0 /* TableHeaderView.swift in Sources */,
				836965B7251DD75700810174 /* SceneDelegate.swift in Sources */,
				8369E5A72520786700AB6216 /* HomeController.swift in Sources */,
				8369E5D82520911900AB6216 /* NewTripController.swift in Sources */,
				832BDAE525230F6400E0F1E0 /* OrdersController.swift in Sources */,
				83C70DA52525C2BB000B024E /* PeopleReviewHeader.swift in Sources */,
				832BDA7A2521FA9600E0F1E0 /* Page.swift in Sources */,
				8369E5DD2520C65900AB6216 /* DateAndTimeController.swift in Sources */,
				8369E597251F683300AB6216 /* Service.swift in Sources */,
				832BDA422521D0CB00E0F1E0 /* SafetyControllerGuidelines.swift in Sources */,
				832BDA5F2521ED8E00E0F1E0 /* SafetyFooterView.swift in Sources */,
				832BDA8B252301E600E0F1E0 /* MainTabController.swift in Sources */,
				8369E58E251F5BBE00AB6216 /* AuthService.swift in Sources */,
				8369E571251F24FF00AB6216 /* CustomTextField.swift in Sources */,
				839AC2152524597F00E3D1BC /* ProfileHeader.swift in Sources */,
				832BDAE125230C1D00E0F1E0 /* ProfileController.swift in Sources */,
				83B40751252485C30046B917 /* ProfileFooterView.swift in Sources */,
			);
			runOnlyForDeploymentPostprocessing = 0;
		};
/* End PBXSourcesBuildPhase section */

/* Begin PBXVariantGroup section */
		836965BA251DD75700810174 /* Main.storyboard */ = {
			isa = PBXVariantGroup;
			children = (
				836965BB251DD75700810174 /* Base */,
			);
			name = Main.storyboard;
			sourceTree = "<group>";
		};
		836965BF251DD75900810174 /* LaunchScreen.storyboard */ = {
			isa = PBXVariantGroup;
			children = (
				836965C0251DD75900810174 /* Base */,
			);
			name = LaunchScreen.storyboard;
			sourceTree = "<group>";
		};
/* End PBXVariantGroup section */

/* Begin XCBuildConfiguration section */
		836965C3251DD75900810174 /* Debug */ = {
			isa = XCBuildConfiguration;
			buildSettings = {
				ALWAYS_SEARCH_USER_PATHS = NO;
				CLANG_ANALYZER_NONNULL = YES;
				CLANG_ANALYZER_NUMBER_OBJECT_CONVERSION = YES_AGGRESSIVE;
				CLANG_CXX_LANGUAGE_STANDARD = "gnu++14";
				CLANG_CXX_LIBRARY = "libc++";
				CLANG_ENABLE_MODULES = YES;
				CLANG_ENABLE_OBJC_ARC = YES;
				CLANG_ENABLE_OBJC_WEAK = YES;
				CLANG_WARN_BLOCK_CAPTURE_AUTORELEASING = YES;
				CLANG_WARN_BOOL_CONVERSION = YES;
				CLANG_WARN_COMMA = YES;
				CLANG_WARN_CONSTANT_CONVERSION = YES;
				CLANG_WARN_DEPRECATED_OBJC_IMPLEMENTATIONS = YES;
				CLANG_WARN_DIRECT_OBJC_ISA_USAGE = YES_ERROR;
				CLANG_WARN_DOCUMENTATION_COMMENTS = YES;
				CLANG_WARN_EMPTY_BODY = YES;
				CLANG_WARN_ENUM_CONVERSION = YES;
				CLANG_WARN_INFINITE_RECURSION = YES;
				CLANG_WARN_INT_CONVERSION = YES;
				CLANG_WARN_NON_LITERAL_NULL_CONVERSION = YES;
				CLANG_WARN_OBJC_IMPLICIT_RETAIN_SELF = YES;
				CLANG_WARN_OBJC_LITERAL_CONVERSION = YES;
				CLANG_WARN_OBJC_ROOT_CLASS = YES_ERROR;
				CLANG_WARN_QUOTED_INCLUDE_IN_FRAMEWORK_HEADER = YES;
				CLANG_WARN_RANGE_LOOP_ANALYSIS = YES;
				CLANG_WARN_STRICT_PROTOTYPES = YES;
				CLANG_WARN_SUSPICIOUS_MOVE = YES;
				CLANG_WARN_UNGUARDED_AVAILABILITY = YES_AGGRESSIVE;
				CLANG_WARN_UNREACHABLE_CODE = YES;
				CLANG_WARN__DUPLICATE_METHOD_MATCH = YES;
				COPY_PHASE_STRIP = NO;
				DEBUG_INFORMATION_FORMAT = dwarf;
				ENABLE_STRICT_OBJC_MSGSEND = YES;
				ENABLE_TESTABILITY = YES;
				GCC_C_LANGUAGE_STANDARD = gnu11;
				GCC_DYNAMIC_NO_PIC = NO;
				GCC_NO_COMMON_BLOCKS = YES;
				GCC_OPTIMIZATION_LEVEL = 0;
				GCC_PREPROCESSOR_DEFINITIONS = (
					"DEBUG=1",
					"$(inherited)",
				);
				GCC_WARN_64_TO_32_BIT_CONVERSION = YES;
				GCC_WARN_ABOUT_RETURN_TYPE = YES_ERROR;
				GCC_WARN_UNDECLARED_SELECTOR = YES;
				GCC_WARN_UNINITIALIZED_AUTOS = YES_AGGRESSIVE;
				GCC_WARN_UNUSED_FUNCTION = YES;
				GCC_WARN_UNUSED_VARIABLE = YES;
				IPHONEOS_DEPLOYMENT_TARGET = 14.0;
				MTL_ENABLE_DEBUG_INFO = INCLUDE_SOURCE;
				MTL_FAST_MATH = YES;
				ONLY_ACTIVE_ARCH = YES;
				SDKROOT = iphoneos;
				SWIFT_ACTIVE_COMPILATION_CONDITIONS = DEBUG;
				SWIFT_OPTIMIZATION_LEVEL = "-Onone";
			};
			name = Debug;
		};
		836965C4251DD75900810174 /* Release */ = {
			isa = XCBuildConfiguration;
			buildSettings = {
				ALWAYS_SEARCH_USER_PATHS = NO;
				CLANG_ANALYZER_NONNULL = YES;
				CLANG_ANALYZER_NUMBER_OBJECT_CONVERSION = YES_AGGRESSIVE;
				CLANG_CXX_LANGUAGE_STANDARD = "gnu++14";
				CLANG_CXX_LIBRARY = "libc++";
				CLANG_ENABLE_MODULES = YES;
				CLANG_ENABLE_OBJC_ARC = YES;
				CLANG_ENABLE_OBJC_WEAK = YES;
				CLANG_WARN_BLOCK_CAPTURE_AUTORELEASING = YES;
				CLANG_WARN_BOOL_CONVERSION = YES;
				CLANG_WARN_COMMA = YES;
				CLANG_WARN_CONSTANT_CONVERSION = YES;
				CLANG_WARN_DEPRECATED_OBJC_IMPLEMENTATIONS = YES;
				CLANG_WARN_DIRECT_OBJC_ISA_USAGE = YES_ERROR;
				CLANG_WARN_DOCUMENTATION_COMMENTS = YES;
				CLANG_WARN_EMPTY_BODY = YES;
				CLANG_WARN_ENUM_CONVERSION = YES;
				CLANG_WARN_INFINITE_RECURSION = YES;
				CLANG_WARN_INT_CONVERSION = YES;
				CLANG_WARN_NON_LITERAL_NULL_CONVERSION = YES;
				CLANG_WARN_OBJC_IMPLICIT_RETAIN_SELF = YES;
				CLANG_WARN_OBJC_LITERAL_CONVERSION = YES;
				CLANG_WARN_OBJC_ROOT_CLASS = YES_ERROR;
				CLANG_WARN_QUOTED_INCLUDE_IN_FRAMEWORK_HEADER = YES;
				CLANG_WARN_RANGE_LOOP_ANALYSIS = YES;
				CLANG_WARN_STRICT_PROTOTYPES = YES;
				CLANG_WARN_SUSPICIOUS_MOVE = YES;
				CLANG_WARN_UNGUARDED_AVAILABILITY = YES_AGGRESSIVE;
				CLANG_WARN_UNREACHABLE_CODE = YES;
				CLANG_WARN__DUPLICATE_METHOD_MATCH = YES;
				COPY_PHASE_STRIP = NO;
				DEBUG_INFORMATION_FORMAT = "dwarf-with-dsym";
				ENABLE_NS_ASSERTIONS = NO;
				ENABLE_STRICT_OBJC_MSGSEND = YES;
				GCC_C_LANGUAGE_STANDARD = gnu11;
				GCC_NO_COMMON_BLOCKS = YES;
				GCC_WARN_64_TO_32_BIT_CONVERSION = YES;
				GCC_WARN_ABOUT_RETURN_TYPE = YES_ERROR;
				GCC_WARN_UNDECLARED_SELECTOR = YES;
				GCC_WARN_UNINITIALIZED_AUTOS = YES_AGGRESSIVE;
				GCC_WARN_UNUSED_FUNCTION = YES;
				GCC_WARN_UNUSED_VARIABLE = YES;
				IPHONEOS_DEPLOYMENT_TARGET = 14.0;
				MTL_ENABLE_DEBUG_INFO = NO;
				MTL_FAST_MATH = YES;
				SDKROOT = iphoneos;
				SWIFT_COMPILATION_MODE = wholemodule;
				SWIFT_OPTIMIZATION_LEVEL = "-O";
				VALIDATE_PRODUCT = YES;
			};
			name = Release;
		};
		836965C6251DD75900810174 /* Debug */ = {
			isa = XCBuildConfiguration;
			baseConfigurationReference = 7D1A1DB2F25AF8BAA00DB7FF /* Pods-OnMyWay.debug.xcconfig */;
			buildSettings = {
				ASSETCATALOG_COMPILER_APPICON_NAME = AppIcon;
				ASSETCATALOG_COMPILER_GLOBAL_ACCENT_COLOR_NAME = AccentColor;
				CODE_SIGN_ENTITLEMENTS = OnMyWay/OnMyWay.entitlements;
				CODE_SIGN_STYLE = Automatic;
				DEVELOPMENT_TEAM = UGDUJASRTY;
				INFOPLIST_FILE = OnMyWay/Info.plist;
				IPHONEOS_DEPLOYMENT_TARGET = 14.0;
				LD_RUNPATH_SEARCH_PATHS = (
					"$(inherited)",
					"@executable_path/Frameworks",
				);
				PRODUCT_BUNDLE_IDENTIFIER = com.ARMobileApps.org.OnMyWay;
				PRODUCT_NAME = "$(TARGET_NAME)";
				SWIFT_VERSION = 5.0;
				TARGETED_DEVICE_FAMILY = 1;
			};
			name = Debug;
		};
		836965C7251DD75900810174 /* Release */ = {
			isa = XCBuildConfiguration;
			baseConfigurationReference = 7BE53BE6F377BB0C384493C2 /* Pods-OnMyWay.release.xcconfig */;
			buildSettings = {
				ASSETCATALOG_COMPILER_APPICON_NAME = AppIcon;
				ASSETCATALOG_COMPILER_GLOBAL_ACCENT_COLOR_NAME = AccentColor;
				CODE_SIGN_ENTITLEMENTS = OnMyWay/OnMyWay.entitlements;
				CODE_SIGN_STYLE = Automatic;
				DEVELOPMENT_TEAM = UGDUJASRTY;
				INFOPLIST_FILE = OnMyWay/Info.plist;
				IPHONEOS_DEPLOYMENT_TARGET = 14.0;
				LD_RUNPATH_SEARCH_PATHS = (
					"$(inherited)",
					"@executable_path/Frameworks",
				);
				PRODUCT_BUNDLE_IDENTIFIER = com.ARMobileApps.org.OnMyWay;
				PRODUCT_NAME = "$(TARGET_NAME)";
				SWIFT_VERSION = 5.0;
				TARGETED_DEVICE_FAMILY = 1;
			};
			name = Release;
		};
/* End XCBuildConfiguration section */

/* Begin XCConfigurationList section */
		836965AC251DD75700810174 /* Build configuration list for PBXProject "OnMyWay" */ = {
			isa = XCConfigurationList;
			buildConfigurations = (
				836965C3251DD75900810174 /* Debug */,
				836965C4251DD75900810174 /* Release */,
			);
			defaultConfigurationIsVisible = 0;
			defaultConfigurationName = Release;
		};
		836965C5251DD75900810174 /* Build configuration list for PBXNativeTarget "OnMyWay" */ = {
			isa = XCConfigurationList;
			buildConfigurations = (
				836965C6251DD75900810174 /* Debug */,
				836965C7251DD75900810174 /* Release */,
			);
			defaultConfigurationIsVisible = 0;
			defaultConfigurationName = Release;
		};
/* End XCConfigurationList section */
	};
	rootObject = 836965A9251DD75700810174 /* Project object */;
}
